
Microsoft Visual Studio Solution File, Format Version 12.00
# Visual Studio 15
VisualStudioVersion = 15.0.28307.779
MinimumVisualStudioVersion = 10.0.40219.1
Project("{9A19103F-16F7-4668-BE54-9A1E7A4F7556}") = "EntidadesAbstractas", "EntidadesAbstractas\EntidadesAbstractas.csproj", "{4001267B-A0D5-43C7-9700-DD5538E9411C}"
EndProject
Project("{9A19103F-16F7-4668-BE54-9A1E7A4F7556}") = "EntidadesExcepciones", "EntidadesExcepciones\EntidadesExcepciones.csproj", "{6F1A786E-2417-4344-9A62-0119AE96E45D}"
EndProject
Project("{FAE04EC0-301F-11D3-BF4B-00C04F79EFBC}") = "TestMain", "TestMain\TestMain.csproj", "{D16593B5-3650-489F-AEAC-8F7B45CC2938}"
EndProject
Project("{9A19103F-16F7-4668-BE54-9A1E7A4F7556}") = "EntidadesInstanciables", "EntidadesInstanciables\EntidadesInstanciables.csproj", "{FECD218E-F33A-4707-9896-E7A930005D2A}"
EndProject
Project("{9A19103F-16F7-4668-BE54-9A1E7A4F7556}") = "EntidadesArchivos", "EntidadesArchivos\EntidadesArchivos.csproj", "{1C433AAB-68BE-4D64-A49E-7C242D0941AA}"
EndProject
Project("{FAE04EC0-301F-11D3-BF4B-00C04F79EFBC}") = "TestUnitario", "TestUnitario\TestUnitario.csproj", "{6E094CD3-6AB7-4356-9CE7-3FBFF7AA4B7F}"
EndProject
Global
	GlobalSection(SolutionConfigurationPlatforms) = preSolution
		Debug|Any CPU = Debug|Any CPU
		Release|Any CPU = Release|Any CPU
	EndGlobalSection
	GlobalSection(ProjectConfigurationPlatforms) = postSolution
		{4001267B-A0D5-43C7-9700-DD5538E9411C}.Debug|Any CPU.ActiveCfg = Debug|Any CPU
		{4001267B-A0D5-43C7-9700-DD5538E9411C}.Debug|Any CPU.Build.0 = Debug|Any CPU
		{4001267B-A0D5-43C7-9700-DD5538E9411C}.Release|Any CPU.ActiveCfg = Release|Any CPU
		{4001267B-A0D5-43C7-9700-DD5538E9411C}.Release|Any CPU.Build.0 = Release|Any CPU
		{6F1A786E-2417-4344-9A62-0119AE96E45D}.Debug|Any CPU.ActiveCfg = Debug|Any CPU
		{6F1A786E-2417-4344-9A62-0119AE96E45D}.Debug|Any CPU.Build.0 = Debug|Any CPU
		{6F1A786E-2417-4344-9A62-0119AE96E45D}.Release|Any CPU.ActiveCfg = Release|Any CPU
		{6F1A786E-2417-4344-9A62-0119AE96E45D}.Release|Any CPU.Build.0 = Release|Any CPU
		{D16593B5-3650-489F-AEAC-8F7B45CC2938}.Debug|Any CPU.ActiveCfg = Debug|Any CPU
		{D16593B5-3650-489F-AEAC-8F7B45CC2938}.Debug|Any CPU.Build.0 = Debug|Any CPU
		{D16593B5-3650-489F-AEAC-8F7B45CC2938}.Release|Any CPU.ActiveCfg = Release|Any CPU
		{D16593B5-3650-489F-AEAC-8F7B45CC2938}.Release|Any CPU.Build.0 = Release|Any CPU
		{FECD218E-F33A-4707-9896-E7A930005D2A}.Debug|Any CPU.ActiveCfg = Debug|Any CPU
		{FECD218E-F33A-4707-9896-E7A930005D2A}.Debug|Any CPU.Build.0 = Debug|Any CPU
		{FECD218E-F33A-4707-9896-E7A930005D2A}.Release|Any CPU.ActiveCfg = Release|Any CPU
		{FECD218E-F33A-4707-9896-E7A930005D2A}.Release|Any CPU.Build.0 = Release|Any CPU
		{1C433AAB-68BE-4D64-A49E-7C242D0941AA}.Debug|Any CPU.ActiveCfg = Debug|Any CPU
		{1C433AAB-68BE-4D64-A49E-7C242D0941AA}.Debug|Any CPU.Build.0 = Debug|Any CPU
		{1C433AAB-68BE-4D64-A49E-7C242D0941AA}.Release|Any CPU.ActiveCfg = Release|Any CPU
		{1C433AAB-68BE-4D64-A49E-7C242D0941AA}.Release|Any CPU.Build.0 = Release|Any CPU
		{6E094CD3-6AB7-4356-9CE7-3FBFF7AA4B7F}.Debug|Any CPU.ActiveCfg = Debug|Any CPU
		{6E094CD3-6AB7-4356-9CE7-3FBFF7AA4B7F}.Debug|Any CPU.Build.0 = Debug|Any CPU
		{6E094CD3-6AB7-4356-9CE7-3FBFF7AA4B7F}.Release|Any CPU.ActiveCfg = Release|Any CPU
		{6E094CD3-6AB7-4356-9CE7-3FBFF7AA4B7F}.Release|Any CPU.Build.0 = Release|Any CPU
	EndGlobalSection
	GlobalSection(SolutionProperties) = preSolution
		HideSolutionNode = FALSE
	EndGlobalSection
	GlobalSection(ExtensibilityGlobals) = postSolution
		SolutionGuid = {ECFD2A61-E9BC-40FF-8D62-12051D09BA32}
	EndGlobalSection
EndGlobal
