
Microsoft Visual Studio Solution File, Format Version 12.00
# Visual Studio 15
VisualStudioVersion = 15.0.28307.779
MinimumVisualStudioVersion = 10.0.40219.1
Project("{FAE04EC0-301F-11D3-BF4B-00C04F79EFBC}") = "Entidades", "Entidades\Entidades.csproj", "{AABBA64C-9042-45F6-8100-F1CB80CAE710}"
EndProject
Project("{FAE04EC0-301F-11D3-BF4B-00C04F79EFBC}") = "MainCorreo", "MainCorreo\MainCorreo.csproj", "{5C506F51-7990-4CB8-A119-9F2C0614C1A7}"
EndProject
Project("{FAE04EC0-301F-11D3-BF4B-00C04F79EFBC}") = "TestUnitario", "TestUnitario\TestUnitario.csproj", "{333DFC59-8494-4346-AC97-87E7D30BA553}"
EndProject
Global
	GlobalSection(SolutionConfigurationPlatforms) = preSolution
		Debug|Any CPU = Debug|Any CPU
		Release|Any CPU = Release|Any CPU
	EndGlobalSection
	GlobalSection(ProjectConfigurationPlatforms) = postSolution
		{AABBA64C-9042-45F6-8100-F1CB80CAE710}.Debug|Any CPU.ActiveCfg = Debug|Any CPU
		{AABBA64C-9042-45F6-8100-F1CB80CAE710}.Debug|Any CPU.Build.0 = Debug|Any CPU
		{AABBA64C-9042-45F6-8100-F1CB80CAE710}.Release|Any CPU.ActiveCfg = Release|Any CPU
		{AABBA64C-9042-45F6-8100-F1CB80CAE710}.Release|Any CPU.Build.0 = Release|Any CPU
		{5C506F51-7990-4CB8-A119-9F2C0614C1A7}.Debug|Any CPU.ActiveCfg = Debug|Any CPU
		{5C506F51-7990-4CB8-A119-9F2C0614C1A7}.Debug|Any CPU.Build.0 = Debug|Any CPU
		{5C506F51-7990-4CB8-A119-9F2C0614C1A7}.Release|Any CPU.ActiveCfg = Release|Any CPU
		{5C506F51-7990-4CB8-A119-9F2C0614C1A7}.Release|Any CPU.Build.0 = Release|Any CPU
		{333DFC59-8494-4346-AC97-87E7D30BA553}.Debug|Any CPU.ActiveCfg = Debug|Any CPU
		{333DFC59-8494-4346-AC97-87E7D30BA553}.Debug|Any CPU.Build.0 = Debug|Any CPU
		{333DFC59-8494-4346-AC97-87E7D30BA553}.Release|Any CPU.ActiveCfg = Release|Any CPU
		{333DFC59-8494-4346-AC97-87E7D30BA553}.Release|Any CPU.Build.0 = Release|Any CPU
	EndGlobalSection
	GlobalSection(SolutionProperties) = preSolution
		HideSolutionNode = FALSE
	EndGlobalSection
	GlobalSection(ExtensibilityGlobals) = postSolution
		SolutionGuid = {1A78529D-23EF-40EC-93AD-97FD3DA53748}
	EndGlobalSection
EndGlobal
